
Microsoft Visual Studio Solution File, Format Version 11.00
# Visual Web Developer Express 2010
Project("{FAE04EC0-301F-11D3-BF4B-00C04F79EFBC}") = "App.Domain.Model", "App.Domain.Model\App.Domain.Model.csproj", "{20AE8850-A54A-4A71-A615-3B6E465D86E9}"
EndProject
Project("{FAE04EC0-301F-11D3-BF4B-00C04F79EFBC}") = "App.Domain.Service", "App.Domain.Service\App.Domain.Service.csproj", "{9763DBAA-E46E-4E8D-94BE-EAC9FB2B98A3}"
EndProject
Global
	GlobalSection(SolutionConfigurationPlatforms) = preSolution
		Debug|Any CPU = Debug|Any CPU
		Release|Any CPU = Release|Any CPU
	EndGlobalSection
	GlobalSection(ProjectConfigurationPlatforms) = postSolution
		{20AE8850-A54A-4A71-A615-3B6E465D86E9}.Debug|Any CPU.ActiveCfg = Debug|Any CPU
		{20AE8850-A54A-4A71-A615-3B6E465D86E9}.Debug|Any CPU.Build.0 = Debug|Any CPU
		{20AE8850-A54A-4A71-A615-3B6E465D86E9}.Release|Any CPU.ActiveCfg = Release|Any CPU
		{20AE8850-A54A-4A71-A615-3B6E465D86E9}.Release|Any CPU.Build.0 = Release|Any CPU
		{9763DBAA-E46E-4E8D-94BE-EAC9FB2B98A3}.Debug|Any CPU.ActiveCfg = Debug|Any CPU
		{9763DBAA-E46E-4E8D-94BE-EAC9FB2B98A3}.Debug|Any CPU.Build.0 = Debug|Any CPU
		{9763DBAA-E46E-4E8D-94BE-EAC9FB2B98A3}.Release|Any CPU.ActiveCfg = Release|Any CPU
		{9763DBAA-E46E-4E8D-94BE-EAC9FB2B98A3}.Release|Any CPU.Build.0 = Release|Any CPU
	EndGlobalSection
	GlobalSection(SolutionProperties) = preSolution
		HideSolutionNode = FALSE
	EndGlobalSection
EndGlobal
