
Microsoft Visual Studio Solution File, Format Version 11.00
# Visual Web Developer Express 2010
Project("{FAE04EC0-301F-11D3-BF4B-00C04F79EFBC}") = "App.Test.UnitTest", "App.Test.UnitTest\App.Test.UnitTest.csproj", "{BF626424-5590-413C-B263-CE84C3BD4969}"
EndProject
Global
	GlobalSection(SolutionConfigurationPlatforms) = preSolution
		Debug|Any CPU = Debug|Any CPU
		Release|Any CPU = Release|Any CPU
	EndGlobalSection
	GlobalSection(ProjectConfigurationPlatforms) = postSolution
		{BF626424-5590-413C-B263-CE84C3BD4969}.Debug|Any CPU.ActiveCfg = Debug|Any CPU
		{BF626424-5590-413C-B263-CE84C3BD4969}.Debug|Any CPU.Build.0 = Debug|Any CPU
		{BF626424-5590-413C-B263-CE84C3BD4969}.Release|Any CPU.ActiveCfg = Release|Any CPU
		{BF626424-5590-413C-B263-CE84C3BD4969}.Release|Any CPU.Build.0 = Release|Any CPU
	EndGlobalSection
	GlobalSection(SolutionProperties) = preSolution
		HideSolutionNode = FALSE
	EndGlobalSection
EndGlobal
